
Microsoft Visual Studio Solution File, Format Version 12.00
# Visual Studio 14
VisualStudioVersion = 14.0.25420.1
MinimumVisualStudioVersion = 10.0.40219.1
Project("{2150E333-8FDC-42A3-9474-1A3956D46DE8}") = "src", "src", "{2EFC5DEE-49FE-4F8A-B8BE-B3D296E0CD31}"
EndProject
Project("{2150E333-8FDC-42A3-9474-1A3956D46DE8}") = "Solution Items", "Solution Items", "{912C9ED4-756E-43ED-8B94-1E87CC8CFE04}"
	ProjectSection(SolutionItems) = preProject
		global.json = global.json
	EndProjectSection
EndProject
Project("{8BB2217D-0F2D-49D1-97BC-3654ED321F3B}") = "ZenithWebsite", "src\ZenithWebsite\ZenithWebsite.xproj", "{9060E3CD-A6D8-4177-BA82-9EED98A7C873}"
EndProject
Global
	GlobalSection(SolutionConfigurationPlatforms) = preSolution
		Debug|Any CPU = Debug|Any CPU
		Release|Any CPU = Release|Any CPU
	EndGlobalSection
	GlobalSection(ProjectConfigurationPlatforms) = postSolution
		{9060E3CD-A6D8-4177-BA82-9EED98A7C873}.Debug|Any CPU.ActiveCfg = Debug|Any CPU
		{9060E3CD-A6D8-4177-BA82-9EED98A7C873}.Debug|Any CPU.Build.0 = Debug|Any CPU
		{9060E3CD-A6D8-4177-BA82-9EED98A7C873}.Release|Any CPU.ActiveCfg = Release|Any CPU
		{9060E3CD-A6D8-4177-BA82-9EED98A7C873}.Release|Any CPU.Build.0 = Release|Any CPU
	EndGlobalSection
	GlobalSection(SolutionProperties) = preSolution
		HideSolutionNode = FALSE
	EndGlobalSection
	GlobalSection(NestedProjects) = preSolution
		{9060E3CD-A6D8-4177-BA82-9EED98A7C873} = {2EFC5DEE-49FE-4F8A-B8BE-B3D296E0CD31}
	EndGlobalSection
EndGlobal
